{
  "version": 4,
  "terraform_version": "0.12.5",
  "serial": 15,
  "lineage": "a2119518-d285-837f-9133-e95585e5f9a4",
  "outputs": {},
  "resources": [
    {
      "mode": "data",
      "type": "aws_caller_identity",
      "name": "current",
      "provider": "provider.aws",
      "instances": [
        {
          "schema_version": 0,
          "attributes": {
            "account_id": "661405543333",
            "arn": "arn:aws:iam::661405543333:user/LambdaOG",
            "id": "2019-07-25 18:15:22.7629512 +0000 UTC",
            "user_id": "AIDAIWCPKAAD3YQTLGNCS"
          }
        }
      ]
    },
    {
      "mode": "managed",
      "type": "aws_cloud9_environment_ec2",
      "name": "default",
      "provider": "provider.aws",
      "instances": [
        {
          "status": "tainted",
          "schema_version": 0,
          "attributes": {
            "arn": null,
            "automatic_stop_time_minutes": 30,
            "description": "Cloud9 DEV Environment",
            "id": "6c42b1892f4346eda1eeca6b054713c5",
            "instance_type": "c5.2xlarge",
            "name": "Cloud9DevEnv",
            "owner_arn": "arn:aws:iam::661405543333:user/LambdaOG",
            "subnet_id": "subnet-0316bb68c60f4686e",
            "type": null
          },
          "private": "bnVsbA==",
          "depends_on": [
            "data.aws_caller_identity.current"
          ]
        }
      ]
    },
    {
      "mode": "managed",
      "type": "aws_subnet",
      "name": "cloud9devenv_sub",
      "provider": "provider.aws",
      "instances": [
        {
          "schema_version": 1,
          "attributes": {
            "arn": "arn:aws:ec2:us-east-1:661405543333:subnet/subnet-0316bb68c60f4686e",
            "assign_ipv6_address_on_creation": false,
            "availability_zone": "us-east-1a",
            "availability_zone_id": "use1-az4",
            "cidr_block": "10.0.1.0/24",
            "id": "subnet-0316bb68c60f4686e",
            "ipv6_cidr_block": "",
            "ipv6_cidr_block_association_id": "",
            "map_public_ip_on_launch": false,
            "owner_id": "661405543333",
            "tags": {
              "Description": "Cloud9DevEnv subnet for us-east-1a",
              "Name": "Public Subnet"
            },
            "timeouts": null,
            "vpc_id": "vpc-016227bd01fee1070"
          },
          "private": "eyJlMmJmYjczMC1lY2FhLTExZTYtOGY4OC0zNDM2M2JjN2M0YzAiOnsiY3JlYXRlIjo2MDAwMDAwMDAwMDAsImRlbGV0ZSI6MTIwMDAwMDAwMDAwMH0sInNjaGVtYV92ZXJzaW9uIjoiMSJ9",
          "depends_on": [
            "aws_vpc.default"
          ]
        }
      ]
    },
    {
      "mode": "managed",
      "type": "aws_vpc",
      "name": "default",
      "provider": "provider.aws",
      "instances": [
        {
          "schema_version": 1,
          "attributes": {
            "arn": "arn:aws:ec2:us-east-1:661405543333:vpc/vpc-016227bd01fee1070",
            "assign_generated_ipv6_cidr_block": false,
            "cidr_block": "10.0.0.0/16",
            "default_network_acl_id": "acl-0d515a90274e54745",
            "default_route_table_id": "rtb-02051587a64936dfd",
            "default_security_group_id": "sg-05c4816c3d3815919",
            "dhcp_options_id": "dopt-f1302c93",
            "enable_classiclink": false,
            "enable_classiclink_dns_support": false,
            "enable_dns_hostnames": true,
            "enable_dns_support": true,
            "id": "vpc-016227bd01fee1070",
            "instance_tenancy": "default",
            "ipv6_association_id": "",
            "ipv6_cidr_block": "",
            "main_route_table_id": "rtb-02051587a64936dfd",
            "owner_id": "661405543333",
            "tags": {
              "Name": "Cloud9DevEnv VPC for us-east-1"
            }
          },
          "private": "eyJzY2hlbWFfdmVyc2lvbiI6IjEifQ=="
        }
      ]
    }
  ]
}
